{
  "lockfileVersion": 1,
  "workspaces": {
    "": {
      "name": "hadouken-dojo",
      "dependencies": {
        "@gsap/react": "^2.1.2",
        "@hookform/resolvers": "^5.2.2",
        "@react-oauth/google": "^0.12.2",
        "@react-three/drei": "^10.7.6",
        "@react-three/fiber": "^9.3.0",
        "@tailwindcss/vite": "^4.1.14",
        "@tanstack/react-query": "^5.90.6",
        "firebase": "^12.5.0",
        "framer-motion": "^12.23.24",
        "gsap": "^3.13.0",
        "jwt-decode": "^4.0.0",
        "lenis": "^1.3.11",
        "motion": "^12.23.22",
        "react": "^19.1.1",
        "react-dom": "^19.1.1",
        "react-hook-form": "^7.66.0",
        "react-hot-toast": "^2.6.0",
        "react-responsive": "^10.0.1",
        "react-router-dom": "^7.9.3",
        "three": "^0.180.0",
        "zod": "^4.1.12",
      },
      "devDependencies": {
        "@eslint/js": "^9.36.0",
        "@types/react": "^19.1.16",
        "@types/react-dom": "^19.1.9",
        "@vitejs/plugin-react-swc": "^4.1.0",
        "eslint": "^9.36.0",
        "eslint-plugin-react-hooks": "^5.2.0",
        "eslint-plugin-react-refresh": "^0.4.22",
        "globals": "^16.4.0",
        "vite": "npm:rolldown-vite@7.1.14",
      },
    },
  },
  "overrides": {
    "vite": "npm:rolldown-vite@7.1.14",
  },
  "packages": {
    "@babel/runtime": ["@babel/runtime@7.28.4", "", {}, ""],

    "@dimforge/rapier3d-compat": ["@dimforge/rapier3d-compat@0.12.0", "", {}, ""],

    "@eslint-community/eslint-utils": ["@eslint-community/eslint-utils@4.9.0", "", { "dependencies": { "eslint-visitor-keys": "^3.4.3" }, "peerDependencies": { "eslint": "^6.0.0 || ^7.0.0 || >=8.0.0" } }, ""],

    "@eslint-community/regexpp": ["@eslint-community/regexpp@4.12.1", "", {}, ""],

    "@eslint/config-array": ["@eslint/config-array@0.21.0", "", { "dependencies": { "@eslint/object-schema": "^2.1.6", "debug": "^4.3.1", "minimatch": "^3.1.2" } }, ""],

    "@eslint/config-helpers": ["@eslint/config-helpers@0.3.1", "", {}, ""],

    "@eslint/core": ["@eslint/core@0.15.2", "", { "dependencies": { "@types/json-schema": "^7.0.15" } }, ""],

    "@eslint/eslintrc": ["@eslint/eslintrc@3.3.1", "", { "dependencies": { "ajv": "^6.12.4", "debug": "^4.3.2", "espree": "^10.0.1", "globals": "^14.0.0", "ignore": "^5.2.0", "import-fresh": "^3.2.1", "js-yaml": "^4.1.0", "minimatch": "^3.1.2", "strip-json-comments": "^3.1.1" } }, ""],

    "@eslint/js": ["@eslint/js@9.36.0", "", {}, ""],

    "@eslint/object-schema": ["@eslint/object-schema@2.1.6", "", {}, ""],

    "@eslint/plugin-kit": ["@eslint/plugin-kit@0.3.5", "", { "dependencies": { "@eslint/core": "^0.15.2", "levn": "^0.4.1" } }, ""],

    "@firebase/ai": ["@firebase/ai@2.5.0", "", { "dependencies": { "@firebase/app-check-interop-types": "0.3.3", "@firebase/component": "0.7.0", "@firebase/logger": "0.5.0", "@firebase/util": "1.13.0", "tslib": "^2.1.0" }, "peerDependencies": { "@firebase/app": "0.x", "@firebase/app-types": "0.x" } }, ""],

    "@firebase/analytics": ["@firebase/analytics@0.10.19", "", { "dependencies": { "@firebase/component": "0.7.0", "@firebase/installations": "0.6.19", "@firebase/logger": "0.5.0", "@firebase/util": "1.13.0", "tslib": "^2.1.0" }, "peerDependencies": { "@firebase/app": "0.x" } }, ""],

    "@firebase/analytics-compat": ["@firebase/analytics-compat@0.2.25", "", { "dependencies": { "@firebase/analytics": "0.10.19", "@firebase/analytics-types": "0.8.3", "@firebase/component": "0.7.0", "@firebase/util": "1.13.0", "tslib": "^2.1.0" }, "peerDependencies": { "@firebase/app-compat": "0.x" } }, ""],

    "@firebase/analytics-types": ["@firebase/analytics-types@0.8.3", "", {}, ""],

    "@firebase/app": ["@firebase/app@0.14.5", "", { "dependencies": { "@firebase/component": "0.7.0", "@firebase/logger": "0.5.0", "@firebase/util": "1.13.0", "idb": "7.1.1", "tslib": "^2.1.0" } }, ""],

    "@firebase/app-check": ["@firebase/app-check@0.11.0", "", { "dependencies": { "@firebase/component": "0.7.0", "@firebase/logger": "0.5.0", "@firebase/util": "1.13.0", "tslib": "^2.1.0" }, "peerDependencies": { "@firebase/app": "0.x" } }, ""],

    "@firebase/app-check-compat": ["@firebase/app-check-compat@0.4.0", "", { "dependencies": { "@firebase/app-check": "0.11.0", "@firebase/app-check-types": "0.5.3", "@firebase/component": "0.7.0", "@firebase/logger": "0.5.0", "@firebase/util": "1.13.0", "tslib": "^2.1.0" }, "peerDependencies": { "@firebase/app-compat": "0.x" } }, ""],

    "@firebase/app-check-interop-types": ["@firebase/app-check-interop-types@0.3.3", "", {}, ""],

    "@firebase/app-check-types": ["@firebase/app-check-types@0.5.3", "", {}, ""],

    "@firebase/app-compat": ["@firebase/app-compat@0.5.5", "", { "dependencies": { "@firebase/app": "0.14.5", "@firebase/component": "0.7.0", "@firebase/logger": "0.5.0", "@firebase/util": "1.13.0", "tslib": "^2.1.0" } }, ""],

    "@firebase/app-types": ["@firebase/app-types@0.9.3", "", {}, ""],

    "@firebase/auth": ["@firebase/auth@1.11.1", "", { "dependencies": { "@firebase/component": "0.7.0", "@firebase/logger": "0.5.0", "@firebase/util": "1.13.0", "tslib": "^2.1.0" }, "peerDependencies": { "@firebase/app": "0.x", "@react-native-async-storage/async-storage": "^1.18.1" }, "optionalPeers": ["@react-native-async-storage/async-storage"] }, ""],

    "@firebase/auth-compat": ["@firebase/auth-compat@0.6.1", "", { "dependencies": { "@firebase/auth": "1.11.1", "@firebase/auth-types": "0.13.0", "@firebase/component": "0.7.0", "@firebase/util": "1.13.0", "tslib": "^2.1.0" }, "peerDependencies": { "@firebase/app-compat": "0.x" } }, ""],

    "@firebase/auth-interop-types": ["@firebase/auth-interop-types@0.2.4", "", {}, ""],

    "@firebase/auth-types": ["@firebase/auth-types@0.13.0", "", { "peerDependencies": { "@firebase/app-types": "0.x", "@firebase/util": "1.x" } }, ""],

    "@firebase/component": ["@firebase/component@0.7.0", "", { "dependencies": { "@firebase/util": "1.13.0", "tslib": "^2.1.0" } }, ""],

    "@firebase/data-connect": ["@firebase/data-connect@0.3.11", "", { "dependencies": { "@firebase/auth-interop-types": "0.2.4", "@firebase/component": "0.7.0", "@firebase/logger": "0.5.0", "@firebase/util": "1.13.0", "tslib": "^2.1.0" }, "peerDependencies": { "@firebase/app": "0.x" } }, ""],

    "@firebase/database": ["@firebase/database@1.1.0", "", { "dependencies": { "@firebase/app-check-interop-types": "0.3.3", "@firebase/auth-interop-types": "0.2.4", "@firebase/component": "0.7.0", "@firebase/logger": "0.5.0", "@firebase/util": "1.13.0", "faye-websocket": "0.11.4", "tslib": "^2.1.0" } }, ""],

    "@firebase/database-compat": ["@firebase/database-compat@2.1.0", "", { "dependencies": { "@firebase/component": "0.7.0", "@firebase/database": "1.1.0", "@firebase/database-types": "1.0.16", "@firebase/logger": "0.5.0", "@firebase/util": "1.13.0", "tslib": "^2.1.0" } }, ""],

    "@firebase/database-types": ["@firebase/database-types@1.0.16", "", { "dependencies": { "@firebase/app-types": "0.9.3", "@firebase/util": "1.13.0" } }, ""],

    "@firebase/firestore": ["@firebase/firestore@4.9.2", "", { "dependencies": { "@firebase/component": "0.7.0", "@firebase/logger": "0.5.0", "@firebase/util": "1.13.0", "@firebase/webchannel-wrapper": "1.0.5", "@grpc/grpc-js": "~1.9.0", "@grpc/proto-loader": "^0.7.8", "tslib": "^2.1.0" }, "peerDependencies": { "@firebase/app": "0.x" } }, ""],

    "@firebase/firestore-compat": ["@firebase/firestore-compat@0.4.2", "", { "dependencies": { "@firebase/component": "0.7.0", "@firebase/firestore": "4.9.2", "@firebase/firestore-types": "3.0.3", "@firebase/util": "1.13.0", "tslib": "^2.1.0" }, "peerDependencies": { "@firebase/app-compat": "0.x" } }, ""],

    "@firebase/firestore-types": ["@firebase/firestore-types@3.0.3", "", { "peerDependencies": { "@firebase/app-types": "0.x", "@firebase/util": "1.x" } }, ""],

    "@firebase/functions": ["@firebase/functions@0.13.1", "", { "dependencies": { "@firebase/app-check-interop-types": "0.3.3", "@firebase/auth-interop-types": "0.2.4", "@firebase/component": "0.7.0", "@firebase/messaging-interop-types": "0.2.3", "@firebase/util": "1.13.0", "tslib": "^2.1.0" }, "peerDependencies": { "@firebase/app": "0.x" } }, ""],

    "@firebase/functions-compat": ["@firebase/functions-compat@0.4.1", "", { "dependencies": { "@firebase/component": "0.7.0", "@firebase/functions": "0.13.1", "@firebase/functions-types": "0.6.3", "@firebase/util": "1.13.0", "tslib": "^2.1.0" }, "peerDependencies": { "@firebase/app-compat": "0.x" } }, ""],

    "@firebase/functions-types": ["@firebase/functions-types@0.6.3", "", {}, ""],

    "@firebase/installations": ["@firebase/installations@0.6.19", "", { "dependencies": { "@firebase/component": "0.7.0", "@firebase/util": "1.13.0", "idb": "7.1.1", "tslib": "^2.1.0" }, "peerDependencies": { "@firebase/app": "0.x" } }, ""],

    "@firebase/installations-compat": ["@firebase/installations-compat@0.2.19", "", { "dependencies": { "@firebase/component": "0.7.0", "@firebase/installations": "0.6.19", "@firebase/installations-types": "0.5.3", "@firebase/util": "1.13.0", "tslib": "^2.1.0" }, "peerDependencies": { "@firebase/app-compat": "0.x" } }, ""],

    "@firebase/installations-types": ["@firebase/installations-types@0.5.3", "", { "peerDependencies": { "@firebase/app-types": "0.x" } }, ""],

    "@firebase/logger": ["@firebase/logger@0.5.0", "", { "dependencies": { "tslib": "^2.1.0" } }, ""],

    "@firebase/messaging": ["@firebase/messaging@0.12.23", "", { "dependencies": { "@firebase/component": "0.7.0", "@firebase/installations": "0.6.19", "@firebase/messaging-interop-types": "0.2.3", "@firebase/util": "1.13.0", "idb": "7.1.1", "tslib": "^2.1.0" }, "peerDependencies": { "@firebase/app": "0.x" } }, ""],

    "@firebase/messaging-compat": ["@firebase/messaging-compat@0.2.23", "", { "dependencies": { "@firebase/component": "0.7.0", "@firebase/messaging": "0.12.23", "@firebase/util": "1.13.0", "tslib": "^2.1.0" }, "peerDependencies": { "@firebase/app-compat": "0.x" } }, ""],

    "@firebase/messaging-interop-types": ["@firebase/messaging-interop-types@0.2.3", "", {}, ""],

    "@firebase/performance": ["@firebase/performance@0.7.9", "", { "dependencies": { "@firebase/component": "0.7.0", "@firebase/installations": "0.6.19", "@firebase/logger": "0.5.0", "@firebase/util": "1.13.0", "tslib": "^2.1.0", "web-vitals": "^4.2.4" }, "peerDependencies": { "@firebase/app": "0.x" } }, ""],

    "@firebase/performance-compat": ["@firebase/performance-compat@0.2.22", "", { "dependencies": { "@firebase/component": "0.7.0", "@firebase/logger": "0.5.0", "@firebase/performance": "0.7.9", "@firebase/performance-types": "0.2.3", "@firebase/util": "1.13.0", "tslib": "^2.1.0" }, "peerDependencies": { "@firebase/app-compat": "0.x" } }, ""],

    "@firebase/performance-types": ["@firebase/performance-types@0.2.3", "", {}, ""],

    "@firebase/remote-config": ["@firebase/remote-config@0.7.0", "", { "dependencies": { "@firebase/component": "0.7.0", "@firebase/installations": "0.6.19", "@firebase/logger": "0.5.0", "@firebase/util": "1.13.0", "tslib": "^2.1.0" }, "peerDependencies": { "@firebase/app": "0.x" } }, ""],

    "@firebase/remote-config-compat": ["@firebase/remote-config-compat@0.2.20", "", { "dependencies": { "@firebase/component": "0.7.0", "@firebase/logger": "0.5.0", "@firebase/remote-config": "0.7.0", "@firebase/remote-config-types": "0.5.0", "@firebase/util": "1.13.0", "tslib": "^2.1.0" }, "peerDependencies": { "@firebase/app-compat": "0.x" } }, ""],

    "@firebase/remote-config-types": ["@firebase/remote-config-types@0.5.0", "", {}, ""],

    "@firebase/storage": ["@firebase/storage@0.14.0", "", { "dependencies": { "@firebase/component": "0.7.0", "@firebase/util": "1.13.0", "tslib": "^2.1.0" }, "peerDependencies": { "@firebase/app": "0.x" } }, ""],

    "@firebase/storage-compat": ["@firebase/storage-compat@0.4.0", "", { "dependencies": { "@firebase/component": "0.7.0", "@firebase/storage": "0.14.0", "@firebase/storage-types": "0.8.3", "@firebase/util": "1.13.0", "tslib": "^2.1.0" }, "peerDependencies": { "@firebase/app-compat": "0.x" } }, ""],

    "@firebase/storage-types": ["@firebase/storage-types@0.8.3", "", { "peerDependencies": { "@firebase/app-types": "0.x", "@firebase/util": "1.x" } }, ""],

    "@firebase/util": ["@firebase/util@1.13.0", "", { "dependencies": { "tslib": "^2.1.0" } }, ""],

    "@firebase/webchannel-wrapper": ["@firebase/webchannel-wrapper@1.0.5", "", {}, ""],

    "@grpc/grpc-js": ["@grpc/grpc-js@1.9.15", "", { "dependencies": { "@grpc/proto-loader": "^0.7.8", "@types/node": ">=12.12.47" } }, ""],

    "@grpc/proto-loader": ["@grpc/proto-loader@0.7.15", "", { "dependencies": { "lodash.camelcase": "^4.3.0", "long": "^5.0.0", "protobufjs": "^7.2.5", "yargs": "^17.7.2" }, "bin": { "proto-loader-gen-types": "build/bin/proto-loader-gen-types.js" } }, ""],

    "@gsap/react": ["@gsap/react@2.1.2", "", { "peerDependencies": { "gsap": "^3.12.5", "react": ">=17" } }, ""],

    "@hookform/resolvers": ["@hookform/resolvers@5.2.2", "", { "dependencies": { "@standard-schema/utils": "^0.3.0" }, "peerDependencies": { "react-hook-form": "^7.55.0" } }, ""],

    "@humanfs/core": ["@humanfs/core@0.19.1", "", {}, ""],

    "@humanfs/node": ["@humanfs/node@0.16.7", "", { "dependencies": { "@humanfs/core": "^0.19.1", "@humanwhocodes/retry": "^0.4.0" } }, ""],

    "@humanwhocodes/module-importer": ["@humanwhocodes/module-importer@1.0.1", "", {}, ""],

    "@humanwhocodes/retry": ["@humanwhocodes/retry@0.4.3", "", {}, ""],

    "@isaacs/fs-minipass": ["@isaacs/fs-minipass@4.0.1", "", { "dependencies": { "minipass": "^7.0.4" } }, ""],

    "@jridgewell/gen-mapping": ["@jridgewell/gen-mapping@0.3.13", "", { "dependencies": { "@jridgewell/sourcemap-codec": "^1.5.0", "@jridgewell/trace-mapping": "^0.3.24" } }, ""],

    "@jridgewell/remapping": ["@jridgewell/remapping@2.3.5", "", { "dependencies": { "@jridgewell/gen-mapping": "^0.3.5", "@jridgewell/trace-mapping": "^0.3.24" } }, ""],

    "@jridgewell/resolve-uri": ["@jridgewell/resolve-uri@3.1.2", "", {}, ""],

    "@jridgewell/sourcemap-codec": ["@jridgewell/sourcemap-codec@1.5.5", "", {}, ""],

    "@jridgewell/trace-mapping": ["@jridgewell/trace-mapping@0.3.31", "", { "dependencies": { "@jridgewell/resolve-uri": "^3.1.0", "@jridgewell/sourcemap-codec": "^1.4.14" } }, ""],

    "@mediapipe/tasks-vision": ["@mediapipe/tasks-vision@0.10.17", "", {}, ""],

    "@monogrid/gainmap-js": ["@monogrid/gainmap-js@3.1.0", "", { "dependencies": { "promise-worker-transferable": "^1.0.4" }, "peerDependencies": { "three": ">= 0.159.0" } }, ""],

    "@oxc-project/runtime": ["@oxc-project/runtime@0.92.0", "", {}, ""],

    "@oxc-project/types": ["@oxc-project/types@0.93.0", "", {}, ""],

    "@protobufjs/aspromise": ["@protobufjs/aspromise@1.1.2", "", {}, ""],

    "@protobufjs/base64": ["@protobufjs/base64@1.1.2", "", {}, ""],

    "@protobufjs/codegen": ["@protobufjs/codegen@2.0.4", "", {}, ""],

    "@protobufjs/eventemitter": ["@protobufjs/eventemitter@1.1.0", "", {}, ""],

    "@protobufjs/fetch": ["@protobufjs/fetch@1.1.0", "", { "dependencies": { "@protobufjs/aspromise": "^1.1.1", "@protobufjs/inquire": "^1.1.0" } }, ""],

    "@protobufjs/float": ["@protobufjs/float@1.0.2", "", {}, ""],

    "@protobufjs/inquire": ["@protobufjs/inquire@1.1.0", "", {}, ""],

    "@protobufjs/path": ["@protobufjs/path@1.1.2", "", {}, ""],

    "@protobufjs/pool": ["@protobufjs/pool@1.1.0", "", {}, ""],

    "@protobufjs/utf8": ["@protobufjs/utf8@1.1.0", "", {}, ""],

    "@react-oauth/google": ["@react-oauth/google@0.12.2", "", { "peerDependencies": { "react": ">=16.8.0", "react-dom": ">=16.8.0" } }, ""],

    "@react-three/drei": ["@react-three/drei@10.7.6", "", { "dependencies": { "@babel/runtime": "^7.26.0", "@mediapipe/tasks-vision": "0.10.17", "@monogrid/gainmap-js": "^3.0.6", "@use-gesture/react": "^10.3.1", "camera-controls": "^3.1.0", "cross-env": "^7.0.3", "detect-gpu": "^5.0.56", "glsl-noise": "^0.0.0", "hls.js": "^1.5.17", "maath": "^0.10.8", "meshline": "^3.3.1", "stats-gl": "^2.2.8", "stats.js": "^0.17.0", "suspend-react": "^0.1.3", "three-mesh-bvh": "^0.8.3", "three-stdlib": "^2.35.6", "troika-three-text": "^0.52.4", "tunnel-rat": "^0.1.2", "use-sync-external-store": "^1.4.0", "utility-types": "^3.11.0", "zustand": "^5.0.1" }, "peerDependencies": { "@react-three/fiber": "^9.0.0", "react": "^19", "react-dom": "^19", "three": ">=0.159" } }, ""],

    "@react-three/fiber": ["@react-three/fiber@9.3.0", "", { "dependencies": { "@babel/runtime": "^7.17.8", "@types/react-reconciler": "^0.32.0", "@types/webxr": "*", "base64-js": "^1.5.1", "buffer": "^6.0.3", "its-fine": "^2.0.0", "react-reconciler": "^0.31.0", "react-use-measure": "^2.1.7", "scheduler": "^0.25.0", "suspend-react": "^0.1.3", "use-sync-external-store": "^1.4.0", "zustand": "^5.0.3" }, "peerDependencies": { "expo": ">=43.0", "expo-asset": ">=8.4", "expo-file-system": ">=11.0", "expo-gl": ">=11.0", "react": "^19.0.0", "react-dom": "^19.0.0", "react-native": ">=0.78", "three": ">=0.156" }, "optionalPeers": ["expo", "expo-asset", "expo-file-system", "expo-gl", "react-native"] }, ""],

    "@rolldown/binding-win32-x64-msvc": ["@rolldown/binding-win32-x64-msvc@1.0.0-beta.41", "", { "os": "win32", "cpu": "x64" }, ""],

    "@rolldown/pluginutils": ["@rolldown/pluginutils@1.0.0-beta.35", "", {}, ""],

    "@standard-schema/utils": ["@standard-schema/utils@0.3.0", "", {}, ""],

    "@swc/core": ["@swc/core@1.13.5", "", { "dependencies": { "@swc/counter": "^0.1.3", "@swc/types": "^0.1.24" }, "optionalDependencies": { "@swc/core-win32-x64-msvc": "1.13.5" }, "peerDependencies": { "@swc/helpers": ">=0.5.17" }, "optionalPeers": ["@swc/helpers"] }, ""],

    "@swc/core-win32-x64-msvc": ["@swc/core-win32-x64-msvc@1.13.5", "", { "os": "win32", "cpu": "x64" }, ""],

    "@swc/counter": ["@swc/counter@0.1.3", "", {}, ""],

    "@swc/types": ["@swc/types@0.1.25", "", { "dependencies": { "@swc/counter": "^0.1.3" } }, ""],

    "@tailwindcss/node": ["@tailwindcss/node@4.1.14", "", { "dependencies": { "@jridgewell/remapping": "^2.3.4", "enhanced-resolve": "^5.18.3", "jiti": "^2.6.0", "lightningcss": "1.30.1", "magic-string": "^0.30.19", "source-map-js": "^1.2.1", "tailwindcss": "4.1.14" } }, ""],

    "@tailwindcss/oxide": ["@tailwindcss/oxide@4.1.14", "", { "dependencies": { "detect-libc": "^2.0.4", "tar": "^7.5.1" }, "optionalDependencies": { "@tailwindcss/oxide-android-arm64": "4.1.14", "@tailwindcss/oxide-darwin-arm64": "4.1.14", "@tailwindcss/oxide-darwin-x64": "4.1.14", "@tailwindcss/oxide-freebsd-x64": "4.1.14", "@tailwindcss/oxide-linux-arm-gnueabihf": "4.1.14", "@tailwindcss/oxide-linux-arm64-gnu": "4.1.14", "@tailwindcss/oxide-linux-arm64-musl": "4.1.14", "@tailwindcss/oxide-linux-x64-gnu": "4.1.14", "@tailwindcss/oxide-linux-x64-musl": "4.1.14", "@tailwindcss/oxide-wasm32-wasi": "4.1.14", "@tailwindcss/oxide-win32-arm64-msvc": "4.1.14", "@tailwindcss/oxide-win32-x64-msvc": "4.1.14" } }, ""],

    "@tailwindcss/oxide-android-arm64": ["@tailwindcss/oxide-android-arm64@4.1.14", "", { "os": "android", "cpu": "arm64" }, "sha512-a94ifZrGwMvbdeAxWoSuGcIl6/DOP5cdxagid7xJv6bwFp3oebp7y2ImYsnZBMTwjn5Ev5xESvS3FFYUGgPODQ=="],

    "@tailwindcss/oxide-darwin-arm64": ["@tailwindcss/oxide-darwin-arm64@4.1.14", "", { "os": "darwin", "cpu": "arm64" }, "sha512-HkFP/CqfSh09xCnrPJA7jud7hij5ahKyWomrC3oiO2U9i0UjP17o9pJbxUN0IJ471GTQQmzwhp0DEcpbp4MZTA=="],

    "@tailwindcss/oxide-darwin-x64": ["@tailwindcss/oxide-darwin-x64@4.1.14", "", { "os": "darwin", "cpu": "x64" }, "sha512-eVNaWmCgdLf5iv6Qd3s7JI5SEFBFRtfm6W0mphJYXgvnDEAZ5sZzqmI06bK6xo0IErDHdTA5/t7d4eTfWbWOFw=="],

    "@tailwindcss/oxide-freebsd-x64": ["@tailwindcss/oxide-freebsd-x64@4.1.14", "", { "os": "freebsd", "cpu": "x64" }, "sha512-QWLoRXNikEuqtNb0dhQN6wsSVVjX6dmUFzuuiL09ZeXju25dsei2uIPl71y2Ic6QbNBsB4scwBoFnlBfabHkEw=="],

    "@tailwindcss/oxide-linux-arm-gnueabihf": ["@tailwindcss/oxide-linux-arm-gnueabihf@4.1.14", "", { "os": "linux", "cpu": "arm" }, "sha512-VB4gjQni9+F0VCASU+L8zSIyjrLLsy03sjcR3bM0V2g4SNamo0FakZFKyUQ96ZVwGK4CaJsc9zd/obQy74o0Fw=="],

    "@tailwindcss/oxide-linux-arm64-gnu": ["@tailwindcss/oxide-linux-arm64-gnu@4.1.14", "", { "os": "linux", "cpu": "arm64" }, "sha512-qaEy0dIZ6d9vyLnmeg24yzA8XuEAD9WjpM5nIM1sUgQ/Zv7cVkharPDQcmm/t/TvXoKo/0knI3me3AGfdx6w1w=="],

    "@tailwindcss/oxide-linux-arm64-musl": ["@tailwindcss/oxide-linux-arm64-musl@4.1.14", "", { "os": "linux", "cpu": "arm64" }, "sha512-ISZjT44s59O8xKsPEIesiIydMG/sCXoMBCqsphDm/WcbnuWLxxb+GcvSIIA5NjUw6F8Tex7s5/LM2yDy8RqYBQ=="],

    "@tailwindcss/oxide-linux-x64-gnu": ["@tailwindcss/oxide-linux-x64-gnu@4.1.14", "", { "os": "linux", "cpu": "x64" }, "sha512-02c6JhLPJj10L2caH4U0zF8Hji4dOeahmuMl23stk0MU1wfd1OraE7rOloidSF8W5JTHkFdVo/O7uRUJJnUAJg=="],

    "@tailwindcss/oxide-linux-x64-musl": ["@tailwindcss/oxide-linux-x64-musl@4.1.14", "", { "os": "linux", "cpu": "x64" }, "sha512-TNGeLiN1XS66kQhxHG/7wMeQDOoL0S33x9BgmydbrWAb9Qw0KYdd8o1ifx4HOGDWhVmJ+Ul+JQ7lyknQFilO3Q=="],

    "@tailwindcss/oxide-wasm32-wasi": ["@tailwindcss/oxide-wasm32-wasi@4.1.14", "", { "cpu": "none" }, "sha512-uZYAsaW/jS/IYkd6EWPJKW/NlPNSkWkBlaeVBi/WsFQNP05/bzkebUL8FH1pdsqx4f2fH/bWFcUABOM9nfiJkQ=="],

    "@tailwindcss/oxide-win32-arm64-msvc": ["@tailwindcss/oxide-win32-arm64-msvc@4.1.14", "", { "os": "win32", "cpu": "arm64" }, "sha512-Az0RnnkcvRqsuoLH2Z4n3JfAef0wElgzHD5Aky/e+0tBUxUhIeIqFBTMNQvmMRSP15fWwmvjBxZ3Q8RhsDnxAA=="],

    "@tailwindcss/oxide-win32-x64-msvc": ["@tailwindcss/oxide-win32-x64-msvc@4.1.14", "", { "os": "win32", "cpu": "x64" }, ""],

    "@tailwindcss/vite": ["@tailwindcss/vite@4.1.14", "", { "dependencies": { "@tailwindcss/node": "4.1.14", "@tailwindcss/oxide": "4.1.14", "tailwindcss": "4.1.14" }, "peerDependencies": { "vite": "^5.2.0 || ^6 || ^7" } }, ""],

    "@tanstack/query-core": ["@tanstack/query-core@5.90.6", "", {}, ""],

    "@tanstack/react-query": ["@tanstack/react-query@5.90.6", "", { "dependencies": { "@tanstack/query-core": "5.90.6" }, "peerDependencies": { "react": "^18 || ^19" } }, ""],

    "@tweenjs/tween.js": ["@tweenjs/tween.js@23.1.3", "", {}, ""],

    "@types/draco3d": ["@types/draco3d@1.4.10", "", {}, ""],

    "@types/estree": ["@types/estree@1.0.8", "", {}, ""],

    "@types/json-schema": ["@types/json-schema@7.0.15", "", {}, ""],

    "@types/node": ["@types/node@24.10.0", "", { "dependencies": { "undici-types": "~7.16.0" } }, ""],

    "@types/offscreencanvas": ["@types/offscreencanvas@2019.7.3", "", {}, ""],

    "@types/react": ["@types/react@19.2.0", "", { "dependencies": { "csstype": "^3.0.2" } }, ""],

    "@types/react-dom": ["@types/react-dom@19.2.0", "", { "peerDependencies": { "@types/react": "^19.2.0" } }, ""],

    "@types/react-reconciler": ["@types/react-reconciler@0.32.1", "", { "peerDependencies": { "@types/react": "*" } }, ""],

    "@types/stats.js": ["@types/stats.js@0.17.4", "", {}, ""],

    "@types/three": ["@types/three@0.180.0", "", { "dependencies": { "@dimforge/rapier3d-compat": "~0.12.0", "@tweenjs/tween.js": "~23.1.3", "@types/stats.js": "*", "@types/webxr": "*", "@webgpu/types": "*", "fflate": "~0.8.2", "meshoptimizer": "~0.22.0" } }, ""],

    "@types/webxr": ["@types/webxr@0.5.24", "", {}, ""],

    "@use-gesture/core": ["@use-gesture/core@10.3.1", "", {}, ""],

    "@use-gesture/react": ["@use-gesture/react@10.3.1", "", { "dependencies": { "@use-gesture/core": "10.3.1" }, "peerDependencies": { "react": ">= 16.8.0" } }, ""],

    "@vitejs/plugin-react-swc": ["@vitejs/plugin-react-swc@4.1.0", "", { "dependencies": { "@rolldown/pluginutils": "1.0.0-beta.35", "@swc/core": "^1.13.5" }, "peerDependencies": { "vite": "^4 || ^5 || ^6 || ^7" } }, ""],

    "@webgpu/types": ["@webgpu/types@0.1.65", "", {}, ""],

    "acorn": ["acorn@8.15.0", "", { "bin": "bin/acorn" }, ""],

    "acorn-jsx": ["acorn-jsx@5.3.2", "", { "peerDependencies": { "acorn": "^6.0.0 || ^7.0.0 || ^8.0.0" } }, ""],

    "ajv": ["ajv@6.12.6", "", { "dependencies": { "fast-deep-equal": "^3.1.1", "fast-json-stable-stringify": "^2.0.0", "json-schema-traverse": "^0.4.1", "uri-js": "^4.2.2" } }, ""],

    "ansi-regex": ["ansi-regex@5.0.1", "", {}, ""],

    "ansi-styles": ["ansi-styles@4.3.0", "", { "dependencies": { "color-convert": "^2.0.1" } }, ""],

    "ansis": ["ansis@4.2.0", "", {}, ""],

    "argparse": ["argparse@2.0.1", "", {}, ""],

    "balanced-match": ["balanced-match@1.0.2", "", {}, ""],

    "base64-js": ["base64-js@1.5.1", "", {}, ""],

    "bidi-js": ["bidi-js@1.0.3", "", { "dependencies": { "require-from-string": "^2.0.2" } }, ""],

    "brace-expansion": ["brace-expansion@1.1.12", "", { "dependencies": { "balanced-match": "^1.0.0", "concat-map": "0.0.1" } }, ""],

    "buffer": ["buffer@6.0.3", "", { "dependencies": { "base64-js": "^1.3.1", "ieee754": "^1.2.1" } }, ""],

    "callsites": ["callsites@3.1.0", "", {}, ""],

    "camera-controls": ["camera-controls@3.1.0", "", { "peerDependencies": { "three": ">=0.126.1" } }, ""],

    "chalk": ["chalk@4.1.2", "", { "dependencies": { "ansi-styles": "^4.1.0", "supports-color": "^7.1.0" } }, ""],

    "chownr": ["chownr@3.0.0", "", {}, ""],

    "cliui": ["cliui@8.0.1", "", { "dependencies": { "string-width": "^4.2.0", "strip-ansi": "^6.0.1", "wrap-ansi": "^7.0.0" } }, ""],

    "color-convert": ["color-convert@2.0.1", "", { "dependencies": { "color-name": "~1.1.4" } }, ""],

    "color-name": ["color-name@1.1.4", "", {}, ""],

    "concat-map": ["concat-map@0.0.1", "", {}, ""],

    "cookie": ["cookie@1.0.2", "", {}, ""],

    "cross-env": ["cross-env@7.0.3", "", { "dependencies": { "cross-spawn": "^7.0.1" }, "bin": { "cross-env": "src/bin/cross-env.js", "cross-env-shell": "src/bin/cross-env-shell.js" } }, ""],

    "cross-spawn": ["cross-spawn@7.0.6", "", { "dependencies": { "path-key": "^3.1.0", "shebang-command": "^2.0.0", "which": "^2.0.1" } }, ""],

    "css-mediaquery": ["css-mediaquery@0.1.2", "", {}, ""],

    "csstype": ["csstype@3.1.3", "", {}, ""],

    "debug": ["debug@4.4.3", "", { "dependencies": { "ms": "^2.1.3" } }, ""],

    "deep-is": ["deep-is@0.1.4", "", {}, ""],

    "detect-gpu": ["detect-gpu@5.0.70", "", { "dependencies": { "webgl-constants": "^1.1.1" } }, ""],

    "detect-libc": ["detect-libc@2.1.1", "", {}, ""],

    "draco3d": ["draco3d@1.5.7", "", {}, ""],

    "emoji-regex": ["emoji-regex@8.0.0", "", {}, ""],

    "enhanced-resolve": ["enhanced-resolve@5.18.3", "", { "dependencies": { "graceful-fs": "^4.2.4", "tapable": "^2.2.0" } }, ""],

    "escalade": ["escalade@3.2.0", "", {}, ""],

    "escape-string-regexp": ["escape-string-regexp@4.0.0", "", {}, ""],

    "eslint": ["eslint@9.36.0", "", { "dependencies": { "@eslint-community/eslint-utils": "^4.8.0", "@eslint-community/regexpp": "^4.12.1", "@eslint/config-array": "^0.21.0", "@eslint/config-helpers": "^0.3.1", "@eslint/core": "^0.15.2", "@eslint/eslintrc": "^3.3.1", "@eslint/js": "9.36.0", "@eslint/plugin-kit": "^0.3.5", "@humanfs/node": "^0.16.6", "@humanwhocodes/module-importer": "^1.0.1", "@humanwhocodes/retry": "^0.4.2", "@types/estree": "^1.0.6", "@types/json-schema": "^7.0.15", "ajv": "^6.12.4", "chalk": "^4.0.0", "cross-spawn": "^7.0.6", "debug": "^4.3.2", "escape-string-regexp": "^4.0.0", "eslint-scope": "^8.4.0", "eslint-visitor-keys": "^4.2.1", "espree": "^10.4.0", "esquery": "^1.5.0", "esutils": "^2.0.2", "fast-deep-equal": "^3.1.3", "file-entry-cache": "^8.0.0", "find-up": "^5.0.0", "glob-parent": "^6.0.2", "ignore": "^5.2.0", "imurmurhash": "^0.1.4", "is-glob": "^4.0.0", "json-stable-stringify-without-jsonify": "^1.0.1", "lodash.merge": "^4.6.2", "minimatch": "^3.1.2", "natural-compare": "^1.4.0", "optionator": "^0.9.3" }, "peerDependencies": { "jiti": "*" }, "bin": "bin/eslint.js" }, ""],

    "eslint-plugin-react-hooks": ["eslint-plugin-react-hooks@5.2.0", "", { "peerDependencies": { "eslint": "^3.0.0 || ^4.0.0 || ^5.0.0 || ^6.0.0 || ^7.0.0 || ^8.0.0-0 || ^9.0.0" } }, ""],

    "eslint-plugin-react-refresh": ["eslint-plugin-react-refresh@0.4.23", "", { "peerDependencies": { "eslint": ">=8.40" } }, ""],

    "eslint-scope": ["eslint-scope@8.4.0", "", { "dependencies": { "esrecurse": "^4.3.0", "estraverse": "^5.2.0" } }, ""],

    "eslint-visitor-keys": ["eslint-visitor-keys@4.2.1", "", {}, ""],

    "espree": ["espree@10.4.0", "", { "dependencies": { "acorn": "^8.15.0", "acorn-jsx": "^5.3.2", "eslint-visitor-keys": "^4.2.1" } }, ""],

    "esquery": ["esquery@1.6.0", "", { "dependencies": { "estraverse": "^5.1.0" } }, ""],

    "esrecurse": ["esrecurse@4.3.0", "", { "dependencies": { "estraverse": "^5.2.0" } }, ""],

    "estraverse": ["estraverse@5.3.0", "", {}, ""],

    "esutils": ["esutils@2.0.3", "", {}, ""],

    "fast-deep-equal": ["fast-deep-equal@3.1.3", "", {}, ""],

    "fast-json-stable-stringify": ["fast-json-stable-stringify@2.1.0", "", {}, ""],

    "fast-levenshtein": ["fast-levenshtein@2.0.6", "", {}, ""],

    "faye-websocket": ["faye-websocket@0.11.4", "", { "dependencies": { "websocket-driver": ">=0.5.1" } }, ""],

    "fdir": ["fdir@6.5.0", "", { "peerDependencies": { "picomatch": "^3 || ^4" } }, ""],

    "fflate": ["fflate@0.6.10", "", {}, ""],

    "file-entry-cache": ["file-entry-cache@8.0.0", "", { "dependencies": { "flat-cache": "^4.0.0" } }, ""],

    "find-up": ["find-up@5.0.0", "", { "dependencies": { "locate-path": "^6.0.0", "path-exists": "^4.0.0" } }, ""],

    "firebase": ["firebase@12.5.0", "", { "dependencies": { "@firebase/ai": "2.5.0", "@firebase/analytics": "0.10.19", "@firebase/analytics-compat": "0.2.25", "@firebase/app": "0.14.5", "@firebase/app-check": "0.11.0", "@firebase/app-check-compat": "0.4.0", "@firebase/app-compat": "0.5.5", "@firebase/app-types": "0.9.3", "@firebase/auth": "1.11.1", "@firebase/auth-compat": "0.6.1", "@firebase/data-connect": "0.3.11", "@firebase/database": "1.1.0", "@firebase/database-compat": "2.1.0", "@firebase/firestore": "4.9.2", "@firebase/firestore-compat": "0.4.2", "@firebase/functions": "0.13.1", "@firebase/functions-compat": "0.4.1", "@firebase/installations": "0.6.19", "@firebase/installations-compat": "0.2.19", "@firebase/messaging": "0.12.23", "@firebase/messaging-compat": "0.2.23", "@firebase/performance": "0.7.9", "@firebase/performance-compat": "0.2.22", "@firebase/remote-config": "0.7.0", "@firebase/remote-config-compat": "0.2.20", "@firebase/storage": "0.14.0", "@firebase/storage-compat": "0.4.0", "@firebase/util": "1.13.0" } }, ""],

    "flat-cache": ["flat-cache@4.0.1", "", { "dependencies": { "flatted": "^3.2.9", "keyv": "^4.5.4" } }, ""],

    "flatted": ["flatted@3.3.3", "", {}, ""],

    "framer-motion": ["framer-motion@12.23.24", "", { "dependencies": { "motion-dom": "^12.23.23", "motion-utils": "^12.23.6", "tslib": "^2.4.0" }, "peerDependencies": { "@emotion/is-prop-valid": "*", "react": "^18.0.0 || ^19.0.0", "react-dom": "^18.0.0 || ^19.0.0" }, "optionalPeers": ["@emotion/is-prop-valid"] }, ""],

    "get-caller-file": ["get-caller-file@2.0.5", "", {}, ""],

    "glob-parent": ["glob-parent@6.0.2", "", { "dependencies": { "is-glob": "^4.0.3" } }, ""],

    "globals": ["globals@16.4.0", "", {}, ""],

    "glsl-noise": ["glsl-noise@0.0.0", "", {}, ""],

    "goober": ["goober@2.1.18", "", { "peerDependencies": { "csstype": "^3.0.10" } }, ""],

    "graceful-fs": ["graceful-fs@4.2.11", "", {}, ""],

    "gsap": ["gsap@3.13.0", "", {}, ""],

    "has-flag": ["has-flag@4.0.0", "", {}, ""],

    "hls.js": ["hls.js@1.6.13", "", {}, ""],

    "http-parser-js": ["http-parser-js@0.5.10", "", {}, ""],

    "hyphenate-style-name": ["hyphenate-style-name@1.1.0", "", {}, ""],

    "idb": ["idb@7.1.1", "", {}, ""],

    "ieee754": ["ieee754@1.2.1", "", {}, ""],

    "ignore": ["ignore@5.3.2", "", {}, ""],

    "immediate": ["immediate@3.0.6", "", {}, ""],

    "import-fresh": ["import-fresh@3.3.1", "", { "dependencies": { "parent-module": "^1.0.0", "resolve-from": "^4.0.0" } }, ""],

    "imurmurhash": ["imurmurhash@0.1.4", "", {}, ""],

    "is-extglob": ["is-extglob@2.1.1", "", {}, ""],

    "is-fullwidth-code-point": ["is-fullwidth-code-point@3.0.0", "", {}, ""],

    "is-glob": ["is-glob@4.0.3", "", { "dependencies": { "is-extglob": "^2.1.1" } }, ""],

    "is-promise": ["is-promise@2.2.2", "", {}, ""],

    "isexe": ["isexe@2.0.0", "", {}, ""],

    "its-fine": ["its-fine@2.0.0", "", { "dependencies": { "@types/react-reconciler": "^0.28.9" }, "peerDependencies": { "react": "^19.0.0" } }, ""],

    "jiti": ["jiti@2.6.1", "", { "bin": "lib/jiti-cli.mjs" }, ""],

    "js-tokens": ["js-tokens@4.0.0", "", {}, ""],

    "js-yaml": ["js-yaml@4.1.0", "", { "dependencies": { "argparse": "^2.0.1" }, "bin": "bin/js-yaml.js" }, ""],

    "json-buffer": ["json-buffer@3.0.1", "", {}, ""],

    "json-schema-traverse": ["json-schema-traverse@0.4.1", "", {}, ""],

    "json-stable-stringify-without-jsonify": ["json-stable-stringify-without-jsonify@1.0.1", "", {}, ""],

    "jwt-decode": ["jwt-decode@4.0.0", "", {}, "sha512-+KJGIyHgkGuIq3IEBNftfhW/LfWhXUIY6OmyVWjliu5KH1y0fw7VQ8YndE2O4qZdMSd9SqbnC8GOcZEy0Om7sA=="],

    "keyv": ["keyv@4.5.4", "", { "dependencies": { "json-buffer": "3.0.1" } }, ""],

    "lenis": ["lenis@1.3.11", "", { "peerDependencies": { "@nuxt/kit": ">=3.0.0", "react": ">=17.0.0", "vue": ">=3.0.0" }, "optionalPeers": ["@nuxt/kit", "vue"] }, ""],

    "levn": ["levn@0.4.1", "", { "dependencies": { "prelude-ls": "^1.2.1", "type-check": "~0.4.0" } }, ""],

    "lie": ["lie@3.3.0", "", { "dependencies": { "immediate": "~3.0.5" } }, ""],

    "lightningcss": ["lightningcss@1.30.2", "", { "dependencies": { "detect-libc": "^2.0.3" }, "optionalDependencies": { "lightningcss-win32-x64-msvc": "1.30.2" } }, ""],

    "lightningcss-win32-x64-msvc": ["lightningcss-win32-x64-msvc@1.30.2", "", { "os": "win32", "cpu": "x64" }, ""],

    "locate-path": ["locate-path@6.0.0", "", { "dependencies": { "p-locate": "^5.0.0" } }, ""],

    "lodash.camelcase": ["lodash.camelcase@4.3.0", "", {}, ""],

    "lodash.merge": ["lodash.merge@4.6.2", "", {}, ""],

    "long": ["long@5.3.2", "", {}, ""],

    "loose-envify": ["loose-envify@1.4.0", "", { "dependencies": { "js-tokens": "^3.0.0 || ^4.0.0" }, "bin": "cli.js" }, ""],

    "maath": ["maath@0.10.8", "", { "peerDependencies": { "@types/three": ">=0.134.0", "three": ">=0.134.0" } }, ""],

    "magic-string": ["magic-string@0.30.19", "", { "dependencies": { "@jridgewell/sourcemap-codec": "^1.5.5" } }, ""],

    "matchmediaquery": ["matchmediaquery@0.4.2", "", { "dependencies": { "css-mediaquery": "^0.1.2" } }, ""],

    "meshline": ["meshline@3.3.1", "", { "peerDependencies": { "three": ">=0.137" } }, ""],

    "meshoptimizer": ["meshoptimizer@0.22.0", "", {}, ""],

    "minimatch": ["minimatch@3.1.2", "", { "dependencies": { "brace-expansion": "^1.1.7" } }, ""],

    "minipass": ["minipass@7.1.2", "", {}, ""],

    "minizlib": ["minizlib@3.1.0", "", { "dependencies": { "minipass": "^7.1.2" } }, ""],

    "motion": ["motion@12.23.22", "", { "dependencies": { "framer-motion": "^12.23.22", "tslib": "^2.4.0" }, "peerDependencies": { "@emotion/is-prop-valid": "*", "react": "^18.0.0 || ^19.0.0", "react-dom": "^18.0.0 || ^19.0.0" }, "optionalPeers": ["@emotion/is-prop-valid"] }, ""],

    "motion-dom": ["motion-dom@12.23.23", "", { "dependencies": { "motion-utils": "^12.23.6" } }, ""],

    "motion-utils": ["motion-utils@12.23.6", "", {}, ""],

    "ms": ["ms@2.1.3", "", {}, ""],

    "nanoid": ["nanoid@3.3.11", "", { "bin": "bin/nanoid.cjs" }, ""],

    "natural-compare": ["natural-compare@1.4.0", "", {}, ""],

    "object-assign": ["object-assign@4.1.1", "", {}, ""],

    "optionator": ["optionator@0.9.4", "", { "dependencies": { "deep-is": "^0.1.3", "fast-levenshtein": "^2.0.6", "levn": "^0.4.1", "prelude-ls": "^1.2.1", "type-check": "^0.4.0", "word-wrap": "^1.2.5" } }, ""],

    "p-limit": ["p-limit@3.1.0", "", { "dependencies": { "yocto-queue": "^0.1.0" } }, ""],

    "p-locate": ["p-locate@5.0.0", "", { "dependencies": { "p-limit": "^3.0.2" } }, ""],

    "parent-module": ["parent-module@1.0.1", "", { "dependencies": { "callsites": "^3.0.0" } }, ""],

    "path-exists": ["path-exists@4.0.0", "", {}, ""],

    "path-key": ["path-key@3.1.1", "", {}, ""],

    "picocolors": ["picocolors@1.1.1", "", {}, ""],

    "picomatch": ["picomatch@4.0.3", "", {}, ""],

    "postcss": ["postcss@8.5.6", "", { "dependencies": { "nanoid": "^3.3.11", "picocolors": "^1.1.1", "source-map-js": "^1.2.1" } }, ""],

    "potpack": ["potpack@1.0.2", "", {}, ""],

    "prelude-ls": ["prelude-ls@1.2.1", "", {}, ""],

    "promise-worker-transferable": ["promise-worker-transferable@1.0.4", "", { "dependencies": { "is-promise": "^2.1.0", "lie": "^3.0.2" } }, ""],

    "prop-types": ["prop-types@15.8.1", "", { "dependencies": { "loose-envify": "^1.4.0", "object-assign": "^4.1.1", "react-is": "^16.13.1" } }, ""],

    "protobufjs": ["protobufjs@7.5.4", "", { "dependencies": { "@protobufjs/aspromise": "^1.1.2", "@protobufjs/base64": "^1.1.2", "@protobufjs/codegen": "^2.0.4", "@protobufjs/eventemitter": "^1.1.0", "@protobufjs/fetch": "^1.1.0", "@protobufjs/float": "^1.0.2", "@protobufjs/inquire": "^1.1.0", "@protobufjs/path": "^1.1.2", "@protobufjs/pool": "^1.1.0", "@protobufjs/utf8": "^1.1.0", "@types/node": ">=13.7.0", "long": "^5.0.0" } }, ""],

    "punycode": ["punycode@2.3.1", "", {}, ""],

    "react": ["react@19.2.0", "", {}, ""],

    "react-dom": ["react-dom@19.2.0", "", { "dependencies": { "scheduler": "^0.27.0" }, "peerDependencies": { "react": "^19.2.0" } }, ""],

    "react-hook-form": ["react-hook-form@7.66.0", "", { "peerDependencies": { "react": "^16.8.0 || ^17 || ^18 || ^19" } }, ""],

    "react-hot-toast": ["react-hot-toast@2.6.0", "", { "dependencies": { "csstype": "^3.1.3", "goober": "^2.1.16" }, "peerDependencies": { "react": ">=16", "react-dom": ">=16" } }, ""],

    "react-is": ["react-is@16.13.1", "", {}, ""],

    "react-reconciler": ["react-reconciler@0.31.0", "", { "dependencies": { "scheduler": "^0.25.0" }, "peerDependencies": { "react": "^19.0.0" } }, ""],

    "react-responsive": ["react-responsive@10.0.1", "", { "dependencies": { "hyphenate-style-name": "^1.0.0", "matchmediaquery": "^0.4.2", "prop-types": "^15.6.1", "shallow-equal": "^3.1.0" }, "peerDependencies": { "react": ">=16.8.0" } }, ""],

    "react-router": ["react-router@7.9.3", "", { "dependencies": { "cookie": "^1.0.1", "set-cookie-parser": "^2.6.0" }, "peerDependencies": { "react": ">=18", "react-dom": ">=18" } }, ""],

    "react-router-dom": ["react-router-dom@7.9.3", "", { "dependencies": { "react-router": "7.9.3" }, "peerDependencies": { "react": ">=18", "react-dom": ">=18" } }, ""],

    "react-use-measure": ["react-use-measure@2.1.7", "", { "peerDependencies": { "react": ">=16.13", "react-dom": ">=16.13" } }, ""],

    "require-directory": ["require-directory@2.1.1", "", {}, ""],

    "require-from-string": ["require-from-string@2.0.2", "", {}, ""],

    "resolve-from": ["resolve-from@4.0.0", "", {}, ""],

    "rolldown": ["rolldown@1.0.0-beta.41", "", { "dependencies": { "@oxc-project/types": "=0.93.0", "@rolldown/pluginutils": "1.0.0-beta.41", "ansis": "=4.2.0" }, "optionalDependencies": { "@rolldown/binding-win32-x64-msvc": "1.0.0-beta.41" }, "bin": "bin/cli.mjs" }, ""],

    "safe-buffer": ["safe-buffer@5.2.1", "", {}, ""],

    "scheduler": ["scheduler@0.25.0", "", {}, ""],

    "set-cookie-parser": ["set-cookie-parser@2.7.1", "", {}, ""],

    "shallow-equal": ["shallow-equal@3.1.0", "", {}, ""],

    "shebang-command": ["shebang-command@2.0.0", "", { "dependencies": { "shebang-regex": "^3.0.0" } }, ""],

    "shebang-regex": ["shebang-regex@3.0.0", "", {}, ""],

    "source-map-js": ["source-map-js@1.2.1", "", {}, ""],

    "stats-gl": ["stats-gl@2.4.2", "", { "dependencies": { "@types/three": "*", "three": "^0.170.0" }, "peerDependencies": { "@types/three": "*", "three": "*" } }, ""],

    "stats.js": ["stats.js@0.17.0", "", {}, ""],

    "string-width": ["string-width@4.2.3", "", { "dependencies": { "emoji-regex": "^8.0.0", "is-fullwidth-code-point": "^3.0.0", "strip-ansi": "^6.0.1" } }, ""],

    "strip-ansi": ["strip-ansi@6.0.1", "", { "dependencies": { "ansi-regex": "^5.0.1" } }, ""],

    "strip-json-comments": ["strip-json-comments@3.1.1", "", {}, ""],

    "supports-color": ["supports-color@7.2.0", "", { "dependencies": { "has-flag": "^4.0.0" } }, ""],

    "suspend-react": ["suspend-react@0.1.3", "", { "peerDependencies": { "react": ">=17.0" } }, ""],

    "tailwindcss": ["tailwindcss@4.1.14", "", {}, ""],

    "tapable": ["tapable@2.3.0", "", {}, ""],

    "tar": ["tar@7.5.2", "", { "dependencies": { "@isaacs/fs-minipass": "^4.0.0", "chownr": "^3.0.0", "minipass": "^7.1.2", "minizlib": "^3.1.0", "yallist": "^5.0.0" } }, "sha512-7NyxrTE4Anh8km8iEy7o0QYPs+0JKBTj5ZaqHg6B39erLg0qYXN3BijtShwbsNSvQ+LN75+KV+C4QR/f6Gwnpg=="],

    "three": ["three@0.180.0", "", {}, ""],

    "three-mesh-bvh": ["three-mesh-bvh@0.8.3", "", { "peerDependencies": { "three": ">= 0.159.0" } }, ""],

    "three-stdlib": ["three-stdlib@2.36.0", "", { "dependencies": { "@types/draco3d": "^1.4.0", "@types/offscreencanvas": "^2019.6.4", "@types/webxr": "^0.5.2", "draco3d": "^1.4.1", "fflate": "^0.6.9", "potpack": "^1.0.1" }, "peerDependencies": { "three": ">=0.128.0" } }, ""],

    "tinyglobby": ["tinyglobby@0.2.15", "", { "dependencies": { "fdir": "^6.5.0", "picomatch": "^4.0.3" } }, ""],

    "troika-three-text": ["troika-three-text@0.52.4", "", { "dependencies": { "bidi-js": "^1.0.2", "troika-three-utils": "^0.52.4", "troika-worker-utils": "^0.52.0", "webgl-sdf-generator": "1.1.1" }, "peerDependencies": { "three": ">=0.125.0" } }, ""],

    "troika-three-utils": ["troika-three-utils@0.52.4", "", { "peerDependencies": { "three": ">=0.125.0" } }, ""],

    "troika-worker-utils": ["troika-worker-utils@0.52.0", "", {}, ""],

    "tslib": ["tslib@2.8.1", "", {}, ""],

    "tunnel-rat": ["tunnel-rat@0.1.2", "", { "dependencies": { "zustand": "^4.3.2" } }, ""],

    "type-check": ["type-check@0.4.0", "", { "dependencies": { "prelude-ls": "^1.2.1" } }, ""],

    "undici-types": ["undici-types@7.16.0", "", {}, ""],

    "uri-js": ["uri-js@4.4.1", "", { "dependencies": { "punycode": "^2.1.0" } }, ""],

    "use-sync-external-store": ["use-sync-external-store@1.6.0", "", { "peerDependencies": { "react": "^16.8.0 || ^17.0.0 || ^18.0.0 || ^19.0.0" } }, ""],

    "utility-types": ["utility-types@3.11.0", "", {}, ""],

    "vite": ["rolldown-vite@7.1.14", "", { "dependencies": { "@oxc-project/runtime": "0.92.0", "fdir": "^6.5.0", "lightningcss": "^1.30.1", "picomatch": "^4.0.3", "postcss": "^8.5.6", "rolldown": "1.0.0-beta.41", "tinyglobby": "^0.2.15" }, "peerDependencies": { "@types/node": "^20.19.0 || >=22.12.0", "esbuild": "^0.25.0", "jiti": ">=1.21.0", "less": "^4.0.0", "sass": "^1.70.0", "sass-embedded": "^1.70.0", "stylus": ">=0.54.8", "sugarss": "^5.0.0", "terser": "^5.16.0", "tsx": "^4.8.1", "yaml": "^2.4.2" }, "optionalPeers": ["esbuild", "less", "sass", "sass-embedded", "stylus", "sugarss", "terser", "tsx", "yaml"], "bin": { "vite": "bin/vite.js" } }, ""],

    "web-vitals": ["web-vitals@4.2.4", "", {}, ""],

    "webgl-constants": ["webgl-constants@1.1.1", "", {}, ""],

    "webgl-sdf-generator": ["webgl-sdf-generator@1.1.1", "", {}, ""],

    "websocket-driver": ["websocket-driver@0.7.4", "", { "dependencies": { "http-parser-js": ">=0.5.1", "safe-buffer": ">=5.1.0", "websocket-extensions": ">=0.1.1" } }, ""],

    "websocket-extensions": ["websocket-extensions@0.1.4", "", {}, ""],

    "which": ["which@2.0.2", "", { "dependencies": { "isexe": "^2.0.0" }, "bin": { "node-which": "bin/node-which" } }, ""],

    "word-wrap": ["word-wrap@1.2.5", "", {}, ""],

    "wrap-ansi": ["wrap-ansi@7.0.0", "", { "dependencies": { "ansi-styles": "^4.0.0", "string-width": "^4.1.0", "strip-ansi": "^6.0.0" } }, ""],

    "y18n": ["y18n@5.0.8", "", {}, ""],

    "yallist": ["yallist@5.0.0", "", {}, ""],

    "yargs": ["yargs@17.7.2", "", { "dependencies": { "cliui": "^8.0.1", "escalade": "^3.1.1", "get-caller-file": "^2.0.5", "require-directory": "^2.1.1", "string-width": "^4.2.3", "y18n": "^5.0.5", "yargs-parser": "^21.1.1" } }, ""],

    "yargs-parser": ["yargs-parser@21.1.1", "", {}, ""],

    "yocto-queue": ["yocto-queue@0.1.0", "", {}, ""],

    "zod": ["zod@4.1.12", "", {}, ""],

    "zustand": ["zustand@5.0.8", "", { "peerDependencies": { "@types/react": ">=18.0.0", "immer": ">=9.0.6", "react": ">=18.0.0", "use-sync-external-store": ">=1.2.0" }, "optionalPeers": ["immer"] }, ""],

    "@eslint-community/eslint-utils/eslint-visitor-keys": ["eslint-visitor-keys@3.4.3", "", {}, ""],

    "@eslint/eslintrc/globals": ["globals@14.0.0", "", {}, ""],

    "@tailwindcss/node/lightningcss": ["lightningcss@1.30.1", "", { "dependencies": { "detect-libc": "^2.0.3" }, "optionalDependencies": { "lightningcss-win32-x64-msvc": "1.30.1" } }, ""],

    "@types/three/fflate": ["fflate@0.8.2", "", {}, ""],

    "its-fine/@types/react-reconciler": ["@types/react-reconciler@0.28.9", "", { "peerDependencies": { "@types/react": "*" } }, ""],

    "motion/framer-motion": ["framer-motion@12.23.22", "", { "dependencies": { "motion-dom": "^12.23.21", "motion-utils": "^12.23.6", "tslib": "^2.4.0" }, "peerDependencies": { "@emotion/is-prop-valid": "*", "react": "^18.0.0 || ^19.0.0", "react-dom": "^18.0.0 || ^19.0.0" }, "optionalPeers": ["@emotion/is-prop-valid"] }, ""],

    "react-dom/scheduler": ["scheduler@0.27.0", "", {}, ""],

    "rolldown/@rolldown/pluginutils": ["@rolldown/pluginutils@1.0.0-beta.41", "", {}, ""],

    "stats-gl/three": ["three@0.170.0", "", {}, ""],

    "tunnel-rat/zustand": ["zustand@4.5.7", "", { "dependencies": { "use-sync-external-store": "^1.2.2" }, "peerDependencies": { "@types/react": ">=16.8", "immer": ">=9.0.6", "react": ">=16.8" }, "optionalPeers": ["immer"] }, ""],

    "@tailwindcss/node/lightningcss/lightningcss-win32-x64-msvc": ["lightningcss-win32-x64-msvc@1.30.1", "", { "os": "win32", "cpu": "x64" }, ""],

    "motion/framer-motion/motion-dom": ["motion-dom@12.23.21", "", { "dependencies": { "motion-utils": "^12.23.6" } }, ""],
  }
}
